<?xml version="1.0" encoding="UTF-8" standalone="yes" ?>
<CodeBlocks_project_file>
	<FileVersion major="1" minor="6" />
	<Project>
		<Option title="bitcoin" />
		<Option makefile_is_custom="1" />
		<Option execution_dir="/home/luv/Code/bitcoin" />
		<Option pch_mode="2" />
		<Option compiler="gcc" />
		<Build>
			<Target title="Debug">
				<Option output="../src/qt/bitcoin-qt" prefix_auto="1" extension_auto="1" />
				<Option object_output="obj/Debug/" />
				<Option type="1" />
				<Option compiler="gcc" />
				<Compiler>
					<Add option="-g" />
				</Compiler>
				<MakeCommands>
					<Build command="$make" />
					<CompileFile command="$make -f $makefile $file" />
					<Clean command="$make -f $makefile clean$target" />
					<DistClean command="$make -f $makefile distclean$target" />
					<AskRebuildNeeded command="$make -q -f $makefile $target" />
					<SilentBuild command="$make &gt; $(CMD_NULL)" />
				</MakeCommands>
			</Target>
			<Target title="Release">
				<Option output="bin/Release/bitcoin" prefix_auto="1" extension_auto="1" />
				<Option object_output="obj/Release/" />
				<Option type="1" />
				<Option compiler="gcc" />
				<Compiler>
					<Add option="-O2" />
				</Compiler>
				<Linker>
					<Add option="-s" />
				</Linker>
			</Target>
		</Build>
		<Compiler>
			<Add option="-Wall" />
		</Compiler>
		<Unit filename="../src/addrman.cpp" />
		<Unit filename="../src/addrman.h" />
		<Unit filename="../src/alert.cpp" />
		<Unit filename="../src/alert.h" />
		<Unit filename="../src/amount.cpp" />
		<Unit filename="../src/amount.h" />
		<Unit filename="../src/arith_uint256.cpp" />
		<Unit filename="../src/arith_uint256.h" />
		<Unit filename="../src/base58.cpp" />
		<Unit filename="../src/base58.h" />
		<Unit filename="../src/bench/Examples.cpp" />
		<Unit filename="../src/bench/bench.cpp" />
		<Unit filename="../src/bench/bench.h" />
		<Unit filename="../src/bench/bench_bitcoin.cpp" />
		<Unit filename="../src/bitcoin-cli-res.rc" />
		<Unit filename="../src/bitcoin-cli.cpp" />
		<Unit filename="../src/bitcoin-tx-res.rc" />
		<Unit filename="../src/bitcoin-tx.cpp" />
		<Unit filename="../src/bitcoind-res.rc" />
		<Unit filename="../src/bitcoind.cpp" />
		<Unit filename="../src/bloom.cpp" />
		<Unit filename="../src/bloom.h" />
		<Unit filename="../src/chain.cpp" />
		<Unit filename="../src/chain.h" />
		<Unit filename="../src/chainparams.cpp" />
		<Unit filename="../src/chainparams.h" />
		<Unit filename="../src/chainparamsbase.cpp" />
		<Unit filename="../src/chainparamsbase.h" />
		<Unit filename="../src/chainparamsseeds.h" />
		<Unit filename="../src/checkpoints.cpp" />
		<Unit filename="../src/checkpoints.h" />
		<Unit filename="../src/checkqueue.h" />
		<Unit filename="../src/clientversion.cpp" />
		<Unit filename="../src/clientversion.h" />
		<Unit filename="../src/coincontrol.h" />
		<Unit filename="../src/coins.cpp" />
		<Unit filename="../src/coins.h" />
		<Unit filename="../src/compat.h" />
		<Unit filename="../src/compat/byteswap.h" />
		<Unit filename="../src/compat/endian.h" />
		<Unit filename="../src/compat/glibc_compat.cpp" />
		<Unit filename="../src/compat/glibc_sanity.cpp" />
		<Unit filename="../src/compat/glibcxx_sanity.cpp" />
		<Unit filename="../src/compat/sanity.h" />
		<Unit filename="../src/compat/strnlen.cpp" />
		<Unit filename="../src/compressor.cpp" />
		<Unit filename="../src/compressor.h" />
		<Unit filename="../src/config/bitcoin-config.h" />
		<Unit filename="../src/consensus/consensus.h" />
		<Unit filename="../src/consensus/merkle.cpp" />
		<Unit filename="../src/consensus/merkle.h" />
		<Unit filename="../src/consensus/params.h" />
		<Unit filename="../src/consensus/validation.h" />
		<Unit filename="../src/core_io.h" />
		<Unit filename="../src/core_memusage.h" />
		<Unit filename="../src/core_read.cpp" />
		<Unit filename="../src/core_write.cpp" />
		<Unit filename="../src/crypto/common.h" />
		<Unit filename="../src/crypto/hmac_sha256.cpp" />
		<Unit filename="../src/crypto/hmac_sha256.h" />
		<Unit filename="../src/crypto/hmac_sha512.cpp" />
		<Unit filename="../src/crypto/hmac_sha512.h" />
		<Unit filename="../src/crypto/ripemd160.cpp" />
		<Unit filename="../src/crypto/ripemd160.h" />
		<Unit filename="../src/crypto/sha1.cpp" />
		<Unit filename="../src/crypto/sha1.h" />
		<Unit filename="../src/crypto/sha256.cpp" />
		<Unit filename="../src/crypto/sha256.h" />
		<Unit filename="../src/crypto/sha512.cpp" />
		<Unit filename="../src/crypto/sha512.h" />
		<Unit filename="../src/dbwrapper.cpp" />
		<Unit filename="../src/dbwrapper.h" />
		<Unit filename="../src/hash.cpp" />
		<Unit filename="../src/hash.h" />
		<Unit filename="../src/httprpc.cpp" />
		<Unit filename="../src/httprpc.h" />
		<Unit filename="../src/httpserver.cpp" />
		<Unit filename="../src/httpserver.h" />
		<Unit filename="../src/init.cpp" />
		<Unit filename="../src/init.h" />
		<Unit filename="../src/key.cpp" />
		<Unit filename="../src/key.h" />
		<Unit filename="../src/keystore.cpp" />
		<Unit filename="../src/keystore.h" />
		<Unit filename="../src/leveldb/db/autocompact_test.cc" />
		<Unit filename="../src/leveldb/db/builder.cc" />
		<Unit filename="../src/leveldb/db/builder.h" />
		<Unit filename="../src/leveldb/db/c.cc" />
		<Unit filename="../src/leveldb/db/c_test.c">
			<Option compilerVar="CC" />
		</Unit>
		<Unit filename="../src/leveldb/db/corruption_test.cc" />
		<Unit filename="../src/leveldb/db/db_bench.cc" />
		<Unit filename="../src/leveldb/db/db_impl.cc" />
		<Unit filename="../src/leveldb/db/db_impl.h" />
		<Unit filename="../src/leveldb/db/db_iter.cc" />
		<Unit filename="../src/leveldb/db/db_iter.h" />
		<Unit filename="../src/leveldb/db/db_test.cc" />
		<Unit filename="../src/leveldb/db/dbformat.cc" />
		<Unit filename="../src/leveldb/db/dbformat.h" />
		<Unit filename="../src/leveldb/db/dbformat_test.cc" />
		<Unit filename="../src/leveldb/db/dumpfile.cc" />
		<Unit filename="../src/leveldb/db/filename.cc" />
		<Unit filename="../src/leveldb/db/filename.h" />
		<Unit filename="../src/leveldb/db/filename_test.cc" />
		<Unit filename="../src/leveldb/db/leveldb_main.cc" />
		<Unit filename="../src/leveldb/db/log_format.h" />
		<Unit filename="../src/leveldb/db/log_reader.cc" />
		<Unit filename="../src/leveldb/db/log_reader.h" />
		<Unit filename="../src/leveldb/db/log_test.cc" />
		<Unit filename="../src/leveldb/db/log_writer.cc" />
		<Unit filename="../src/leveldb/db/log_writer.h" />
		<Unit filename="../src/leveldb/db/memtable.cc" />
		<Unit filename="../src/leveldb/db/memtable.h" />
		<Unit filename="../src/leveldb/db/repair.cc" />
		<Unit filename="../src/leveldb/db/skiplist.h" />
		<Unit filename="../src/leveldb/db/skiplist_test.cc" />
		<Unit filename="../src/leveldb/db/snapshot.h" />
		<Unit filename="../src/leveldb/db/table_cache.cc" />
		<Unit filename="../src/leveldb/db/table_cache.h" />
		<Unit filename="../src/leveldb/db/version_edit.cc" />
		<Unit filename="../src/leveldb/db/version_edit.h" />
		<Unit filename="../src/leveldb/db/version_edit_test.cc" />
		<Unit filename="../src/leveldb/db/version_set.cc" />
		<Unit filename="../src/leveldb/db/version_set.h" />
		<Unit filename="../src/leveldb/db/version_set_test.cc" />
		<Unit filename="../src/leveldb/db/write_batch.cc" />
		<Unit filename="../src/leveldb/db/write_batch_internal.h" />
		<Unit filename="../src/leveldb/db/write_batch_test.cc" />
		<Unit filename="../src/leveldb/doc/bench/db_bench_sqlite3.cc" />
		<Unit filename="../src/leveldb/doc/bench/db_bench_tree_db.cc" />
		<Unit filename="../src/leveldb/helpers/memenv/memenv.cc" />
		<Unit filename="../src/leveldb/helpers/memenv/memenv.h" />
		<Unit filename="../src/leveldb/helpers/memenv/memenv_test.cc" />
		<Unit filename="../src/leveldb/include/leveldb/c.h" />
		<Unit filename="../src/leveldb/include/leveldb/cache.h" />
		<Unit filename="../src/leveldb/include/leveldb/comparator.h" />
		<Unit filename="../src/leveldb/include/leveldb/db.h" />
		<Unit filename="../src/leveldb/include/leveldb/dumpfile.h" />
		<Unit filename="../src/leveldb/include/leveldb/env.h" />
		<Unit filename="../src/leveldb/include/leveldb/filter_policy.h" />
		<Unit filename="../src/leveldb/include/leveldb/iterator.h" />
		<Unit filename="../src/leveldb/include/leveldb/options.h" />
		<Unit filename="../src/leveldb/include/leveldb/slice.h" />
		<Unit filename="../src/leveldb/include/leveldb/status.h" />
		<Unit filename="../src/leveldb/include/leveldb/table.h" />
		<Unit filename="../src/leveldb/include/leveldb/table_builder.h" />
		<Unit filename="../src/leveldb/include/leveldb/write_batch.h" />
		<Unit filename="../src/leveldb/issues/issue178_test.cc" />
		<Unit filename="../src/leveldb/issues/issue200_test.cc" />
		<Unit filename="../src/leveldb/port/atomic_pointer.h" />
		<Unit filename="../src/leveldb/port/port.h" />
		<Unit filename="../src/leveldb/port/port_example.h" />
		<Unit filename="../src/leveldb/port/port_posix.cc" />
		<Unit filename="../src/leveldb/port/port_posix.h" />
		<Unit filename="../src/leveldb/port/port_win.cc" />
		<Unit filename="../src/leveldb/port/port_win.h" />
		<Unit filename="../src/leveldb/port/thread_annotations.h" />
		<Unit filename="../src/leveldb/port/win/stdint.h" />
		<Unit filename="../src/leveldb/table/block.cc" />
		<Unit filename="../src/leveldb/table/block.h" />
		<Unit filename="../src/leveldb/table/block_builder.cc" />
		<Unit filename="../src/leveldb/table/block_builder.h" />
		<Unit filename="../src/leveldb/table/filter_block.cc" />
		<Unit filename="../src/leveldb/table/filter_block.h" />
		<Unit filename="../src/leveldb/table/filter_block_test.cc" />
		<Unit filename="../src/leveldb/table/format.cc" />
		<Unit filename="../src/leveldb/table/format.h" />
		<Unit filename="../src/leveldb/table/iterator.cc" />
		<Unit filename="../src/leveldb/table/iterator_wrapper.h" />
		<Unit filename="../src/leveldb/table/merger.cc" />
		<Unit filename="../src/leveldb/table/merger.h" />
		<Unit filename="../src/leveldb/table/table.cc" />
		<Unit filename="../src/leveldb/table/table_builder.cc" />
		<Unit filename="../src/leveldb/table/table_test.cc" />
		<Unit filename="../src/leveldb/table/two_level_iterator.cc" />
		<Unit filename="../src/leveldb/table/two_level_iterator.h" />
		<Unit filename="../src/leveldb/util/arena.cc" />
		<Unit filename="../src/leveldb/util/arena.h" />
		<Unit filename="../src/leveldb/util/arena_test.cc" />
		<Unit filename="../src/leveldb/util/bloom.cc" />
		<Unit filename="../src/leveldb/util/bloom_test.cc" />
		<Unit filename="../src/leveldb/util/cache.cc" />
		<Unit filename="../src/leveldb/util/cache_test.cc" />
		<Unit filename="../src/leveldb/util/coding.cc" />
		<Unit filename="../src/leveldb/util/coding.h" />
		<Unit filename="../src/leveldb/util/coding_test.cc" />
		<Unit filename="../src/leveldb/util/comparator.cc" />
		<Unit filename="../src/leveldb/util/crc32c.cc" />
		<Unit filename="../src/leveldb/util/crc32c.h" />
		<Unit filename="../src/leveldb/util/crc32c_test.cc" />
		<Unit filename="../src/leveldb/util/env.cc" />
		<Unit filename="../src/leveldb/util/env_posix.cc" />
		<Unit filename="../src/leveldb/util/env_test.cc" />
		<Unit filename="../src/leveldb/util/env_win.cc" />
		<Unit filename="../src/leveldb/util/filter_policy.cc" />
		<Unit filename="../src/leveldb/util/hash.cc" />
		<Unit filename="../src/leveldb/util/hash.h" />
		<Unit filename="../src/leveldb/util/hash_test.cc" />
		<Unit filename="../src/leveldb/util/histogram.cc" />
		<Unit filename="../src/leveldb/util/histogram.h" />
		<Unit filename="../src/leveldb/util/logging.cc" />
		<Unit filename="../src/leveldb/util/logging.h" />
		<Unit filename="../src/leveldb/util/mutexlock.h" />
		<Unit filename="../src/leveldb/util/options.cc" />
		<Unit filename="../src/leveldb/util/posix_logger.h" />
		<Unit filename="../src/leveldb/util/random.h" />
		<Unit filename="../src/leveldb/util/status.cc" />
		<Unit filename="../src/leveldb/util/testharness.cc" />
		<Unit filename="../src/leveldb/util/testharness.h" />
		<Unit filename="../src/leveldb/util/testutil.cc" />
		<Unit filename="../src/leveldb/util/testutil.h" />
		<Unit filename="../src/limitedmap.h" />
		<Unit filename="../src/main.cpp" />
		<Unit filename="../src/main.h" />
		<Unit filename="../src/memusage.h" />
		<Unit filename="../src/merkleblock.cpp" />
		<Unit filename="../src/merkleblock.h" />
		<Unit filename="../src/miner.cpp" />
		<Unit filename="../src/miner.h" />
		<Unit filename="../src/net.cpp" />
		<Unit filename="../src/net.h" />
		<Unit filename="../src/netbase.cpp" />
		<Unit filename="../src/netbase.h" />
		<Unit filename="../src/noui.cpp" />
		<Unit filename="../src/noui.h" />
		<Unit filename="../src/obj/build.h" />
		<Unit filename="../src/policy/fees.cpp" />
		<Unit filename="../src/policy/fees.h" />
		<Unit filename="../src/policy/policy.cpp" />
		<Unit filename="../src/policy/policy.h" />
		<Unit filename="../src/policy/rbf.cpp" />
		<Unit filename="../src/policy/rbf.h" />
		<Unit filename="../src/pow.cpp" />
		<Unit filename="../src/pow.h" />
		<Unit filename="../src/prevector.h" />
		<Unit filename="../src/primitives/block.cpp" />
		<Unit filename="../src/primitives/block.h" />
		<Unit filename="../src/primitives/transaction.cpp" />
		<Unit filename="../src/primitives/transaction.h" />
		<Unit filename="../src/protocol.cpp" />
		<Unit filename="../src/protocol.h" />
		<Unit filename="../src/pubkey.cpp" />
		<Unit filename="../src/pubkey.h" />
		<Unit filename="../src/qt/addressbookpage.cpp" />
		<Unit filename="../src/qt/addressbookpage.h" />
		<Unit filename="../src/qt/addresstablemodel.cpp" />
		<Unit filename="../src/qt/addresstablemodel.h" />
		<Unit filename="../src/qt/askpassphrasedialog.cpp" />
		<Unit filename="../src/qt/askpassphrasedialog.h" />
		<Unit filename="../src/qt/bantablemodel.cpp" />
		<Unit filename="../src/qt/bantablemodel.h" />
		<Unit filename="../src/qt/bitcoin.cpp" />
		<Unit filename="../src/qt/bitcoinaddressvalidator.cpp" />
		<Unit filename="../src/qt/bitcoinaddressvalidator.h" />
		<Unit filename="../src/qt/bitcoinamountfield.cpp" />
		<Unit filename="../src/qt/bitcoinamountfield.h" />
		<Unit filename="../src/qt/bitcoingui.cpp" />
		<Unit filename="../src/qt/bitcoingui.h" />
		<Unit filename="../src/qt/bitcoinstrings.cpp" />
		<Unit filename="../src/qt/bitcoinunits.cpp" />
		<Unit filename="../src/qt/bitcoinunits.h" />
		<Unit filename="../src/qt/clientmodel.cpp" />
		<Unit filename="../src/qt/clientmodel.h" />
		<Unit filename="../src/qt/coincontroldialog.cpp" />
		<Unit filename="../src/qt/coincontroldialog.h" />
		<Unit filename="../src/qt/coincontroltreewidget.cpp" />
		<Unit filename="../src/qt/coincontroltreewidget.h" />
		<Unit filename="../src/qt/csvmodelwriter.cpp" />
		<Unit filename="../src/qt/csvmodelwriter.h" />
		<Unit filename="../src/qt/editaddressdialog.cpp" />
		<Unit filename="../src/qt/editaddressdialog.h" />
		<Unit filename="../src/qt/forms/ui_addressbookpage.h" />
		<Unit filename="../src/qt/forms/ui_askpassphrasedialog.h" />
		<Unit filename="../src/qt/forms/ui_coincontroldialog.h" />
		<Unit filename="../src/qt/forms/ui_debugwindow.h" />
		<Unit filename="../src/qt/forms/ui_editaddressdialog.h" />
		<Unit filename="../src/qt/forms/ui_helpmessagedialog.h" />
		<Unit filename="../src/qt/forms/ui_intro.h" />
		<Unit filename="../src/qt/forms/ui_openuridialog.h" />
		<Unit filename="../src/qt/forms/ui_optionsdialog.h" />
		<Unit filename="../src/qt/forms/ui_overviewpage.h" />
		<Unit filename="../src/qt/forms/ui_receivecoinsdialog.h" />
		<Unit filename="../src/qt/forms/ui_receiverequestdialog.h" />
		<Unit filename="../src/qt/forms/ui_sendcoinsdialog.h" />
		<Unit filename="../src/qt/forms/ui_sendcoinsentry.h" />
		<Unit filename="../src/qt/forms/ui_signverifymessagedialog.h" />
		<Unit filename="../src/qt/forms/ui_transactiondescdialog.h" />
		<Unit filename="../src/qt/guiconstants.h" />
		<Unit filename="../src/qt/guiutil.cpp" />
		<Unit filename="../src/qt/guiutil.h" />
		<Unit filename="../src/qt/intro.cpp" />
		<Unit filename="../src/qt/intro.h" />
		<Unit filename="../src/qt/macdockiconhandler.h" />
		<Unit filename="../src/qt/macnotificationhandler.h" />
		<Unit filename="../src/qt/moc_addressbookpage.cpp" />
		<Unit filename="../src/qt/moc_addresstablemodel.cpp" />
		<Unit filename="../src/qt/moc_askpassphrasedialog.cpp" />
		<Unit filename="../src/qt/moc_bantablemodel.cpp" />
		<Unit filename="../src/qt/moc_bitcoinaddressvalidator.cpp" />
		<Unit filename="../src/qt/moc_bitcoinamountfield.cpp" />
		<Unit filename="../src/qt/moc_bitcoingui.cpp" />
		<Unit filename="../src/qt/moc_bitcoinunits.cpp" />
		<Unit filename="../src/qt/moc_clientmodel.cpp" />
		<Unit filename="../src/qt/moc_coincontroldialog.cpp" />
		<Unit filename="../src/qt/moc_coincontroltreewidget.cpp" />
		<Unit filename="../src/qt/moc_csvmodelwriter.cpp" />
		<Unit filename="../src/qt/moc_editaddressdialog.cpp" />
		<Unit filename="../src/qt/moc_guiutil.cpp" />
		<Unit filename="../src/qt/moc_intro.cpp" />
		<Unit filename="../src/qt/moc_macdockiconhandler.cpp" />
		<Unit filename="../src/qt/moc_macnotificationhandler.cpp" />
		<Unit filename="../src/qt/moc_notificator.cpp" />
		<Unit filename="../src/qt/moc_openuridialog.cpp" />
		<Unit filename="../src/qt/moc_optionsdialog.cpp" />
		<Unit filename="../src/qt/moc_optionsmodel.cpp" />
		<Unit filename="../src/qt/moc_overviewpage.cpp" />
		<Unit filename="../src/qt/moc_paymentserver.cpp" />
		<Unit filename="../src/qt/moc_peertablemodel.cpp" />
		<Unit filename="../src/qt/moc_qvalidatedlineedit.cpp" />
		<Unit filename="../src/qt/moc_qvaluecombobox.cpp" />
		<Unit filename="../src/qt/moc_receivecoinsdialog.cpp" />
		<Unit filename="../src/qt/moc_receiverequestdialog.cpp" />
		<Unit filename="../src/qt/moc_recentrequeststablemodel.cpp" />
		<Unit filename="../src/qt/moc_rpcconsole.cpp" />
		<Unit filename="../src/qt/moc_sendcoinsdialog.cpp" />
		<Unit filename="../src/qt/moc_sendcoinsentry.cpp" />
		<Unit filename="../src/qt/moc_signverifymessagedialog.cpp" />
		<Unit filename="../src/qt/moc_splashscreen.cpp" />
		<Unit filename="../src/qt/moc_trafficgraphwidget.cpp" />
		<Unit filename="../src/qt/moc_transactiondesc.cpp" />
		<Unit filename="../src/qt/moc_transactiondescdialog.cpp" />
		<Unit filename="../src/qt/moc_transactionfilterproxy.cpp" />
		<Unit filename="../src/qt/moc_transactiontablemodel.cpp" />
		<Unit filename="../src/qt/moc_transactionview.cpp" />
		<Unit filename="../src/qt/moc_utilitydialog.cpp" />
		<Unit filename="../src/qt/moc_walletframe.cpp" />
		<Unit filename="../src/qt/moc_walletmodel.cpp" />
		<Unit filename="../src/qt/moc_walletview.cpp" />
		<Unit filename="../src/qt/networkstyle.cpp" />
		<Unit filename="../src/qt/networkstyle.h" />
		<Unit filename="../src/qt/notificator.cpp" />
		<Unit filename="../src/qt/notificator.h" />
		<Unit filename="../src/qt/openuridialog.cpp" />
		<Unit filename="../src/qt/openuridialog.h" />
		<Unit filename="../src/qt/optionsdialog.cpp" />
		<Unit filename="../src/qt/optionsdialog.h" />
		<Unit filename="../src/qt/optionsmodel.cpp" />
		<Unit filename="../src/qt/optionsmodel.h" />
		<Unit filename="../src/qt/overviewpage.cpp" />
		<Unit filename="../src/qt/overviewpage.h" />
		<Unit filename="../src/qt/paymentrequest.pb.cc" />
		<Unit filename="../src/qt/paymentrequest.pb.h" />
		<Unit filename="../src/qt/paymentrequestplus.cpp" />
		<Unit filename="../src/qt/paymentrequestplus.h" />
		<Unit filename="../src/qt/paymentserver.cpp" />
		<Unit filename="../src/qt/paymentserver.h" />
		<Unit filename="../src/qt/peertablemodel.cpp" />
		<Unit filename="../src/qt/peertablemodel.h" />
		<Unit filename="../src/qt/platformstyle.cpp" />
		<Unit filename="../src/qt/platformstyle.h" />
		<Unit filename="../src/qt/qrc_bitcoin.cpp" />
		<Unit filename="../src/qt/qrc_bitcoin_locale.cpp" />
		<Unit filename="../src/qt/qvalidatedlineedit.cpp" />
		<Unit filename="../src/qt/qvalidatedlineedit.h" />
		<Unit filename="../src/qt/qvaluecombobox.cpp" />
		<Unit filename="../src/qt/qvaluecombobox.h" />
		<Unit filename="../src/qt/receivecoinsdialog.cpp" />
		<Unit filename="../src/qt/receivecoinsdialog.h" />
		<Unit filename="../src/qt/receiverequestdialog.cpp" />
		<Unit filename="../src/qt/receiverequestdialog.h" />
		<Unit filename="../src/qt/recentrequeststablemodel.cpp" />
		<Unit filename="../src/qt/recentrequeststablemodel.h" />
		<Unit filename="../src/qt/res/bitcoin-qt-res.rc" />
		<Unit filename="../src/qt/rpcconsole.cpp" />
		<Unit filename="../src/qt/rpcconsole.h" />
		<Unit filename="../src/qt/sendcoinsdialog.cpp" />
		<Unit filename="../src/qt/sendcoinsdialog.h" />
		<Unit filename="../src/qt/sendcoinsentry.cpp" />
		<Unit filename="../src/qt/sendcoinsentry.h" />
		<Unit filename="../src/qt/signverifymessagedialog.cpp" />
		<Unit filename="../src/qt/signverifymessagedialog.h" />
		<Unit filename="../src/qt/splashscreen.cpp" />
		<Unit filename="../src/qt/splashscreen.h" />
		<Unit filename="../src/qt/test/moc_paymentservertests.cpp" />
		<Unit filename="../src/qt/test/moc_uritests.cpp" />
		<Unit filename="../src/qt/test/paymentrequestdata.h" />
		<Unit filename="../src/qt/test/paymentservertests.cpp" />
		<Unit filename="../src/qt/test/paymentservertests.h" />
		<Unit filename="../src/qt/test/test_main.cpp" />
		<Unit filename="../src/qt/test/uritests.cpp" />
		<Unit filename="../src/qt/test/uritests.h" />
		<Unit filename="../src/qt/trafficgraphwidget.cpp" />
		<Unit filename="../src/qt/trafficgraphwidget.h" />
		<Unit filename="../src/qt/transactiondesc.cpp" />
		<Unit filename="../src/qt/transactiondesc.h" />
		<Unit filename="../src/qt/transactiondescdialog.cpp" />
		<Unit filename="../src/qt/transactiondescdialog.h" />
		<Unit filename="../src/qt/transactionfilterproxy.cpp" />
		<Unit filename="../src/qt/transactionfilterproxy.h" />
		<Unit filename="../src/qt/transactionrecord.cpp" />
		<Unit filename="../src/qt/transactionrecord.h" />
		<Unit filename="../src/qt/transactiontablemodel.cpp" />
		<Unit filename="../src/qt/transactiontablemodel.h" />
		<Unit filename="../src/qt/transactionview.cpp" />
		<Unit filename="../src/qt/transactionview.h" />
		<Unit filename="../src/qt/utilitydialog.cpp" />
		<Unit filename="../src/qt/utilitydialog.h" />
		<Unit filename="../src/qt/walletframe.cpp" />
		<Unit filename="../src/qt/walletframe.h" />
		<Unit filename="../src/qt/walletmodel.cpp" />
		<Unit filename="../src/qt/walletmodel.h" />
		<Unit filename="../src/qt/walletmodeltransaction.cpp" />
		<Unit filename="../src/qt/walletmodeltransaction.h" />
		<Unit filename="../src/qt/walletview.cpp" />
		<Unit filename="../src/qt/walletview.h" />
		<Unit filename="../src/qt/winshutdownmonitor.cpp" />
		<Unit filename="../src/qt/winshutdownmonitor.h" />
		<Unit filename="../src/random.cpp" />
		<Unit filename="../src/random.h" />
		<Unit filename="../src/rest.cpp" />
		<Unit filename="../src/reverselock.h" />
		<Unit filename="../src/rpc/blockchain.cpp" />
		<Unit filename="../src/rpc/client.cpp" />
		<Unit filename="../src/rpc/client.h" />
		<Unit filename="../src/rpc/mining.cpp" />
		<Unit filename="../src/rpc/misc.cpp" />
		<Unit filename="../src/rpc/net.cpp" />
		<Unit filename="../src/rpc/protocol.cpp" />
		<Unit filename="../src/rpc/protocol.h" />
		<Unit filename="../src/rpc/rawtransaction.cpp" />
		<Unit filename="../src/rpc/server.cpp" />
		<Unit filename="../src/rpc/server.h" />
		<Unit filename="../src/scheduler.cpp" />
		<Unit filename="../src/scheduler.h" />
		<Unit filename="../src/script/bitcoinconsensus.cpp" />
		<Unit filename="../src/script/bitcoinconsensus.h" />
		<Unit filename="../src/script/interpreter.cpp" />
		<Unit filename="../src/script/interpreter.h" />
		<Unit filename="../src/script/script.cpp" />
		<Unit filename="../src/script/script.h" />
		<Unit filename="../src/script/script_error.cpp" />
		<Unit filename="../src/script/script_error.h" />
		<Unit filename="../src/script/sigcache.cpp" />
		<Unit filename="../src/script/sigcache.h" />
		<Unit filename="../src/script/sign.cpp" />
		<Unit filename="../src/script/sign.h" />
		<Unit filename="../src/script/standard.cpp" />
		<Unit filename="../src/script/standard.h" />
		<Unit filename="../src/secp256k1/contrib/lax_der_parsing.c">
			<Option compilerVar="CC" />
		</Unit>
		<Unit filename="../src/secp256k1/contrib/lax_der_parsing.h" />
		<Unit filename="../src/secp256k1/contrib/lax_der_privatekey_parsing.c">
			<Option compilerVar="CC" />
		</Unit>
		<Unit filename="../src/secp256k1/contrib/lax_der_privatekey_parsing.h" />
		<Unit filename="../src/secp256k1/include/secp256k1.h" />
		<Unit filename="../src/secp256k1/include/secp256k1_ecdh.h" />
		<Unit filename="../src/secp256k1/include/secp256k1_recovery.h" />
		<Unit filename="../src/secp256k1/include/secp256k1_schnorr.h" />
		<Unit filename="../src/secp256k1/src/basic-config.h" />
		<Unit filename="../src/secp256k1/src/bench.h" />
		<Unit filename="../src/secp256k1/src/bench_ecdh.c">
			<Option compilerVar="CC" />
		</Unit>
		<Unit filename="../src/secp256k1/src/bench_internal.c">
			<Option compilerVar="CC" />
		</Unit>
		<Unit filename="../src/secp256k1/src/bench_recover.c">
			<Option compilerVar="CC" />
		</Unit>
		<Unit filename="../src/secp256k1/src/bench_schnorr_verify.c">
			<Option compilerVar="CC" />
		</Unit>
		<Unit filename="../src/secp256k1/src/bench_sign.c">
			<Option compilerVar="CC" />
		</Unit>
		<Unit filename="../src/secp256k1/src/bench_verify.c">
			<Option compilerVar="CC" />
		</Unit>
		<Unit filename="../src/secp256k1/src/ecdsa.h" />
		<Unit filename="../src/secp256k1/src/ecdsa_impl.h" />
		<Unit filename="../src/secp256k1/src/eckey.h" />
		<Unit filename="../src/secp256k1/src/eckey_impl.h" />
		<Unit filename="../src/secp256k1/src/ecmult.h" />
		<Unit filename="../src/secp256k1/src/ecmult_const.h" />
		<Unit filename="../src/secp256k1/src/ecmult_const_impl.h" />
		<Unit filename="../src/secp256k1/src/ecmult_gen.h" />
		<Unit filename="../src/secp256k1/src/ecmult_gen_impl.h" />
		<Unit filename="../src/secp256k1/src/ecmult_impl.h" />
		<Unit filename="../src/secp256k1/src/ecmult_static_context.h" />
		<Unit filename="../src/secp256k1/src/field.h" />
		<Unit filename="../src/secp256k1/src/field_10x26.h" />
		<Unit filename="../src/secp256k1/src/field_10x26_impl.h" />
		<Unit filename="../src/secp256k1/src/field_5x52.h" />
		<Unit filename="../src/secp256k1/src/field_5x52_asm_impl.h" />
		<Unit filename="../src/secp256k1/src/field_5x52_impl.h" />
		<Unit filename="../src/secp256k1/src/field_5x52_int128_impl.h" />
		<Unit filename="../src/secp256k1/src/field_impl.h" />
		<Unit filename="../src/secp256k1/src/gen_context.c">
			<Option compilerVar="CC" />
		</Unit>
		<Unit filename="../src/secp256k1/src/group.h" />
		<Unit filename="../src/secp256k1/src/group_impl.h" />
		<Unit filename="../src/secp256k1/src/hash.h" />
		<Unit filename="../src/secp256k1/src/hash_impl.h" />
		<Unit filename="../src/secp256k1/src/java/org/bitcoin/NativeSecp256k1.java" />
		<Unit filename="../src/secp256k1/src/java/org_bitcoin_NativeSecp256k1.c">
			<Option compilerVar="CC" />
		</Unit>
		<Unit filename="../src/secp256k1/src/java/org_bitcoin_NativeSecp256k1.h" />
		<Unit filename="../src/secp256k1/src/libsecp256k1-config.h" />
		<Unit filename="../src/secp256k1/src/modules/ecdh/main_impl.h" />
		<Unit filename="../src/secp256k1/src/modules/ecdh/tests_impl.h" />
		<Unit filename="../src/secp256k1/src/modules/recovery/main_impl.h" />
		<Unit filename="../src/secp256k1/src/modules/recovery/tests_impl.h" />
		<Unit filename="../src/secp256k1/src/modules/schnorr/main_impl.h" />
		<Unit filename="../src/secp256k1/src/modules/schnorr/schnorr.h" />
		<Unit filename="../src/secp256k1/src/modules/schnorr/schnorr_impl.h" />
		<Unit filename="../src/secp256k1/src/modules/schnorr/tests_impl.h" />
		<Unit filename="../src/secp256k1/src/num.h" />
		<Unit filename="../src/secp256k1/src/num_gmp.h" />
		<Unit filename="../src/secp256k1/src/num_gmp_impl.h" />
		<Unit filename="../src/secp256k1/src/num_impl.h" />
		<Unit filename="../src/secp256k1/src/scalar.h" />
		<Unit filename="../src/secp256k1/src/scalar_4x64.h" />
		<Unit filename="../src/secp256k1/src/scalar_4x64_impl.h" />
		<Unit filename="../src/secp256k1/src/scalar_8x32.h" />
		<Unit filename="../src/secp256k1/src/scalar_8x32_impl.h" />
		<Unit filename="../src/secp256k1/src/scalar_impl.h" />
		<Unit filename="../src/secp256k1/src/secp256k1.c">
			<Option compilerVar="CC" />
		</Unit>
		<Unit filename="../src/secp256k1/src/testrand.h" />
		<Unit filename="../src/secp256k1/src/testrand_impl.h" />
		<Unit filename="../src/secp256k1/src/tests.c">
			<Option compilerVar="CC" />
		</Unit>
		<Unit filename="../src/secp256k1/src/util.h" />
		<Unit filename="../src/serialize.h" />
		<Unit filename="../src/streams.h" />
		<Unit filename="../src/support/allocators/secure.h" />
		<Unit filename="../src/support/allocators/zeroafterfree.h" />
		<Unit filename="../src/support/cleanse.cpp" />
		<Unit filename="../src/support/cleanse.h" />
		<Unit filename="../src/support/pagelocker.cpp" />
		<Unit filename="../src/support/pagelocker.h" />
		<Unit filename="../src/sync.cpp" />
		<Unit filename="../src/sync.h" />
		<Unit filename="../src/test/Checkpoints_tests.cpp" />
		<Unit filename="../src/test/DoS_tests.cpp" />
		<Unit filename="../src/test/accounting_tests.cpp" />
		<Unit filename="../src/test/addrman_tests.cpp" />
		<Unit filename="../src/test/alert_tests.cpp" />
		<Unit filename="../src/test/allocator_tests.cpp" />
		<Unit filename="../src/test/arith_uint256_tests.cpp" />
		<Unit filename="../src/test/base32_tests.cpp" />
		<Unit filename="../src/test/base58_tests.cpp" />
		<Unit filename="../src/test/base64_tests.cpp" />
		<Unit filename="../src/test/bip32_tests.cpp" />
		<Unit filename="../src/test/bloom_tests.cpp" />
		<Unit filename="../src/test/checkblock_tests.cpp" />
		<Unit filename="../src/test/coins_tests.cpp" />
		<Unit filename="../src/test/compress_tests.cpp" />
		<Unit filename="../src/test/crypto_tests.cpp" />
		<Unit filename="../src/test/data/alertTests.raw.h" />
		<Unit filename="../src/test/data/base58_encode_decode.json.h" />
		<Unit filename="../src/test/data/base58_keys_invalid.json.h" />
		<Unit filename="../src/test/data/base58_keys_valid.json.h" />
		<Unit filename="../src/test/data/script_invalid.json.h" />
		<Unit filename="../src/test/data/script_valid.json.h" />
		<Unit filename="../src/test/data/sighash.json.h" />
		<Unit filename="../src/test/data/tx_invalid.json.h" />
		<Unit filename="../src/test/data/tx_valid.json.h" />
		<Unit filename="../src/test/dbwrapper_tests.cpp" />
		<Unit filename="../src/test/getarg_tests.cpp" />
		<Unit filename="../src/test/hash_tests.cpp" />
		<Unit filename="../src/test/key_tests.cpp" />
		<Unit filename="../src/test/limitedmap_tests.cpp" />
		<Unit filename="../src/test/main_tests.cpp" />
		<Unit filename="../src/test/mempool_tests.cpp" />
		<Unit filename="../src/test/merkle_tests.cpp" />
		<Unit filename="../src/test/miner_tests.cpp" />
		<Unit filename="../src/test/multisig_tests.cpp" />
		<Unit filename="../src/test/netbase_tests.cpp" />
		<Unit filename="../src/test/pmt_tests.cpp" />
		<Unit filename="../src/test/policyestimator_tests.cpp" />
		<Unit filename="../src/test/pow_tests.cpp" />
		<Unit filename="../src/test/prevector_tests.cpp" />
		<Unit filename="../src/test/reverselock_tests.cpp" />
		<Unit filename="../src/test/rpc_tests.cpp" />
		<Unit filename="../src/test/rpc_wallet_tests.cpp" />
		<Unit filename="../src/test/sanity_tests.cpp" />
		<Unit filename="../src/test/scheduler_tests.cpp" />
		<Unit filename="../src/test/script_P2SH_tests.cpp" />
		<Unit filename="../src/test/script_tests.cpp" />
		<Unit filename="../src/test/scriptnum10.h" />
		<Unit filename="../src/test/scriptnum_tests.cpp" />
		<Unit filename="../src/test/serialize_tests.cpp" />
		<Unit filename="../src/test/sighash_tests.cpp" />
		<Unit filename="../src/test/sigopcount_tests.cpp" />
		<Unit filename="../src/test/skiplist_tests.cpp" />
		<Unit filename="../src/test/streams_tests.cpp" />
		<Unit filename="../src/test/test_bitcoin.cpp" />
		<Unit filename="../src/test/test_bitcoin.h" />
		<Unit filename="../src/test/timedata_tests.cpp" />
		<Unit filename="../src/test/transaction_tests.cpp" />
		<Unit filename="../src/test/txvalidationcache_tests.cpp" />
		<Unit filename="../src/test/uint256_tests.cpp" />
		<Unit filename="../src/test/univalue_tests.cpp" />
		<Unit filename="../src/test/util_tests.cpp" />
		<Unit filename="../src/threadsafety.h" />
		<Unit filename="../src/timedata.cpp" />
		<Unit filename="../src/timedata.h" />
		<Unit filename="../src/tinyformat.h" />
		<Unit filename="../src/torcontrol.cpp" />
		<Unit filename="../src/torcontrol.h" />
		<Unit filename="../src/txdb.cpp" />
		<Unit filename="../src/txdb.h" />
		<Unit filename="../src/txmempool.cpp" />
		<Unit filename="../src/txmempool.h" />
		<Unit filename="../src/ui_interface.h" />
		<Unit filename="../src/uint256.cpp" />
		<Unit filename="../src/uint256.h" />
		<Unit filename="../src/undo.h" />
		<Unit filename="../src/univalue/gen/gen.cpp" />
		<Unit filename="../src/univalue/include/univalue.h" />
		<Unit filename="../src/univalue/lib/univalue.cpp" />
		<Unit filename="../src/univalue/lib/univalue_escapes.h" />
		<Unit filename="../src/univalue/lib/univalue_read.cpp" />
		<Unit filename="../src/univalue/lib/univalue_write.cpp" />
		<Unit filename="../src/univalue/test/unitester.cpp" />
		<Unit filename="../src/univalue/univalue-config.h" />
		<Unit filename="../src/util.cpp" />
		<Unit filename="../src/util.h" />
		<Unit filename="../src/utilmoneystr.cpp" />
		<Unit filename="../src/utilmoneystr.h" />
		<Unit filename="../src/utilstrencodings.cpp" />
		<Unit filename="../src/utilstrencodings.h" />
		<Unit filename="../src/utiltime.cpp" />
		<Unit filename="../src/utiltime.h" />
		<Unit filename="../src/validationinterface.cpp" />
		<Unit filename="../src/validationinterface.h" />
		<Unit filename="../src/version.h" />
		<Unit filename="../src/wallet/crypter.cpp" />
		<Unit filename="../src/wallet/crypter.h" />
		<Unit filename="../src/wallet/db.cpp" />
		<Unit filename="../src/wallet/db.h" />
		<Unit filename="../src/wallet/rpcdump.cpp" />
		<Unit filename="../src/wallet/rpcwallet.cpp" />
		<Unit filename="../src/wallet/rpcwallet.h" />
		<Unit filename="../src/wallet/test/wallet_tests.cpp" />
		<Unit filename="../src/wallet/wallet.cpp" />
		<Unit filename="../src/wallet/wallet.h" />
		<Unit filename="../src/wallet/wallet_ismine.cpp" />
		<Unit filename="../src/wallet/wallet_ismine.h" />
		<Unit filename="../src/wallet/walletdb.cpp" />
		<Unit filename="../src/wallet/walletdb.h" />
		<Unit filename="../src/zmq/zmqabstractnotifier.cpp" />
		<Unit filename="../src/zmq/zmqabstractnotifier.h" />
		<Unit filename="../src/zmq/zmqconfig.h" />
		<Unit filename="../src/zmq/zmqnotificationinterface.cpp" />
		<Unit filename="../src/zmq/zmqnotificationinterface.h" />
		<Unit filename="../src/zmq/zmqpublishnotifier.cpp" />
		<Unit filename="../src/zmq/zmqpublishnotifier.h" />
		<Extensions>
			<code_completion />
			<debugger />
			<envvars />
		</Extensions>
	</Project>
</CodeBlocks_project_file>
